github.com/gorilla/mux #4b8fbc56f3b2400a7c7ea3dba9b3539787c486b6
gopkg.in/yaml.v1 #feb4ca79644e8e7e39c06095246ee54b1282c118
github.com/coopernurse/gorp #2739f6901c8eff11f1e9dcc404b87860bfd74c11
github.com/mattn/go-sqlite3 #3ab1d6f3481128cefecd12ab6cc9cfa61b11f2ce
github.com/gorilla/context #14f550f51af52180c2eefed15e5fd18d63c0a64a
